
Microsoft Visual Studio Solution File, Format Version 12.00
# Visual Studio 15
VisualStudioVersion = 15.0.27004.2010
MinimumVisualStudioVersion = 10.0.40219.1
Project("{FAE04EC0-301F-11D3-BF4B-00C04F79EFBC}") = "PdfixSDKSample", "PdfixSDKSample.csproj", "{6FE78500-65C7-45B3-B651-5B6F6FF62A43}"
EndProject
Global
	GlobalSection(SolutionConfigurationPlatforms) = preSolution
		Debug|Any CPU = Debug|Any CPU
		Release|Any CPU = Release|Any CPU
	EndGlobalSection
	GlobalSection(ProjectConfigurationPlatforms) = postSolution
		{6FE78500-65C7-45B3-B651-5B6F6FF62A43}.Debug|Any CPU.ActiveCfg = Debug|Any CPU
		{6FE78500-65C7-45B3-B651-5B6F6FF62A43}.Debug|Any CPU.Build.0 = Debug|Any CPU
		{6FE78500-65C7-45B3-B651-5B6F6FF62A43}.Release|Any CPU.ActiveCfg = Release|Any CPU
		{6FE78500-65C7-45B3-B651-5B6F6FF62A43}.Release|Any CPU.Build.0 = Release|Any CPU
	EndGlobalSection
	GlobalSection(SolutionProperties) = preSolution
		HideSolutionNode = FALSE
	EndGlobalSection
	GlobalSection(ExtensibilityGlobals) = postSolution
		SolutionGuid = {8C7BCC9F-5613-4752-AB27-2D6B5442E45F}
	EndGlobalSection
EndGlobal
