
Microsoft Visual Studio Solution File, Format Version 12.00
# Visual Studio Version 16
VisualStudioVersion = 16.0.30523.141
MinimumVisualStudioVersion = 10.0.40219.1
Project("{9A19103F-16F7-4668-BE54-9A1E7A4F7556}") = "pdfix_sdk_example_dotnet", "pdfix_sdk_example_dotnet.csproj", "{CBC9914A-DD60-4130-B332-DD3BC28A7B8D}"
EndProject
Global
	GlobalSection(SolutionConfigurationPlatforms) = preSolution
		Debug|Any CPU = Debug|Any CPU
		Release|Any CPU = Release|Any CPU
	EndGlobalSection
	GlobalSection(ProjectConfigurationPlatforms) = postSolution
		{CBC9914A-DD60-4130-B332-DD3BC28A7B8D}.Debug|Any CPU.ActiveCfg = Debug|Any CPU
		{CBC9914A-DD60-4130-B332-DD3BC28A7B8D}.Debug|Any CPU.Build.0 = Debug|Any CPU
		{CBC9914A-DD60-4130-B332-DD3BC28A7B8D}.Release|Any CPU.ActiveCfg = Release|Any CPU
		{CBC9914A-DD60-4130-B332-DD3BC28A7B8D}.Release|Any CPU.Build.0 = Release|Any CPU
	EndGlobalSection
	GlobalSection(SolutionProperties) = preSolution
		HideSolutionNode = FALSE
	EndGlobalSection
	GlobalSection(ExtensibilityGlobals) = postSolution
		SolutionGuid = {E6D38089-5CA6-42ED-B956-E19D347C19EB}
	EndGlobalSection
EndGlobal
